<?xml version='1.0' encoding='utf-8'?>
<Project xmlns="http://schemas.microsoft.com/developer/msbuild/2003" ToolsVersion="4.0">
  <ItemGroup>
    <Filter Include="Source Files">
      <UniqueIdentifier>{4FC737F1-C7A5-4376-A066-2A32D752A2FF}</UniqueIdentifier>
      <Extensions>cpp;c;cc;cxx;c++;cppm;ixx;def;odl;idl;hpj;bat;asm;asmx</Extensions>
    </Filter>
    <Filter Include="Header Files">
      <UniqueIdentifier>{93995380-89BD-4b04-88EB-625FBE52EBFB}</UniqueIdentifier>
      <Extensions>h;hh;hpp;hxx;h++;hm;inl;inc;ipp;xsd</Extensions>
    </Filter>
    <Filter Include="Resource Files">
      <UniqueIdentifier>{67DA6AB6-F800-4c08-8B7A-83BB121AAD01}</UniqueIdentifier>
      <Extensions>rc;ico;cur;bmp;dlg;rc2;rct;bin;rgs;gif;jpg;jpeg;jpe;resx;tiff;tif;png;wav;mfcribbon-ms</Extensions>
    </Filter>
      <Filter Include="Tools">
      <UniqueIdentifier>{D3E2D725-98A7-4CC1-A3B4-7DB4D2E32A19}</UniqueIdentifier>
    </Filter>
    <Filter Include="Third Party">
      <UniqueIdentifier>{C91A70A4-C7AD-4D10-9D67-6F4E7691C004}</UniqueIdentifier>
    </Filter>
    <Filter Include="Assets">
      <UniqueIdentifier>{A1A63D6E-0F9A-47B4-AE88-8D8F9211B014}</UniqueIdentifier>
    </Filter>
</ItemGroup>
  <ItemGroup>
    <ClCompile Include="rom_browser.cpp">
      <Filter>Source Files</Filter>
    </ClCompile>
    <ClCompile Include="launcher.cpp">
      <Filter>Source Files</Filter>
    </ClCompile>
    <ClCompile Include="input_sdl.cpp">
      <Filter>Source Files</Filter>
    </ClCompile>
    <ClCompile Include="keyboard_sdl.cpp">
      <Filter>Source Files</Filter>
    </ClCompile>
    <ClCompile Include="input_manager.cpp">
      <Filter>Source Files</Filter>
    </ClCompile>
    <ClCompile Include="o2em_keymap.cpp">
      <Filter>Source Files</Filter>
    </ClCompile>
    <ClCompile Include="o2em_keyboard_bridge.cpp">
      <Filter>Source Files</Filter>
    </ClCompile>
    <ClCompile Include="timing_sdl.cpp">
      <Filter>Source Files</Filter>
    </ClCompile>
    <ClCompile Include="timefunc_sdl.cpp">
      <Filter>Source Files</Filter>
    </ClCompile>
    <ClCompile Include="vpp_stub.cpp">
      <Filter>Source Files</Filter>
    </ClCompile>
    <ClCompile Include="voice_stub.cpp">
      <Filter>Source Files</Filter>
    </ClCompile>
    <ClCompile Include="debug_stub.cpp">
      <Filter>Source Files</Filter>
    </ClCompile>
    <ClCompile Include="vdc_stub.cpp">
      <Filter>Source Files</Filter>
    </ClCompile>
    <ClCompile Include="port_stub.cpp">
      <Filter>Source Files</Filter>
    </ClCompile>
    <ClCompile Include="main.cpp">
      <Filter>Source Files</Filter>
    </ClCompile>
    <ClCompile Include="emulator_core.cpp">
      <Filter>Source Files</Filter>
    </ClCompile>
    <ClCompile Include="cset.cpp">
      <Filter>Source Files</Filter>
    </ClCompile>
    <ClCompile Include="videopac_font.cpp">
      <Filter>Source Files</Filter>
    </ClCompile>
    <ClCompile Include="audio_sdl.cpp">
      <Filter>Source Files</Filter>
    </ClCompile>
    <ClCompile Include="settings.cpp">
      <Filter>Source Files</Filter>
    </ClCompile>
    <ClCompile Include="cpu.cpp">
      <Filter>Source Files</Filter>
    </ClCompile>
    <ClCompile Include="vmachine.cpp">
      <Filter>Source Files</Filter>
    </ClCompile>
    <ClCompile Include="crc32.cpp">
      <Filter>Source Files</Filter>
    </ClCompile>
    <ClCompile Include="frontend_layout.cpp">
      <Filter>Source Files</Filter>
    </ClCompile>
    <ClCompile Include="frontend_tabs.cpp">
      <Filter>Source Files</Filter>
    </ClCompile>
    <ClCompile Include="frontend_panels.cpp">
      <Filter>Source Files</Filter>
    </ClCompile>
    <ClCompile Include="theme_win95.cpp">
      <Filter>Source Files</Filter>
    </ClCompile>
    <ClCompile Include="frontend_statusbar.cpp">
      <Filter>Source Files</Filter>
    </ClCompile>
    <ClCompile Include="frontend_boxart.cpp">
      <Filter>Source Files</Filter>
    </ClCompile>
    <ClCompile Include="src\frontend\frontend_screenshot.cpp">
      <Filter>Source Files</Filter>
    </ClCompile>
    <ClCompile Include="src\media\manual_preview.cpp">
      <Filter>Source Files</Filter>
    </ClCompile>
    <ClCompile Include="src\media\media_resolver.cpp">
      <Filter>Source Files</Filter>
    </ClCompile>
    <ClCompile Include="src\media\asset_manager.cpp">
      <Filter>Source Files</Filter>
    </ClCompile>
    <ClCompile Include="src\database\rom_classifier.cpp">
      <Filter>Source Files</Filter>
    </ClCompile>
    <ClCompile Include="src\database\library_view.cpp">
      <Filter>Source Files</Filter>
    </ClCompile>
    <ClCompile Include="src\library\game_library.cpp">
      <Filter>Source Files</Filter>
    </ClCompile>
    <ClCompile Include="src\frontend\frontend_app.cpp">
      <Filter>Source Files</Filter>
    </ClCompile>
    <ClCompile Include="src\frontend\metadata_text_editor.cpp">
      <Filter>Source Files</Filter>
    </ClCompile>
    <ClCompile Include="src\library\game_info.cpp">
      <Filter>Source Files</Filter>
    </ClCompile>
    <ClCompile Include="src\metadata\metadata_engine.cpp">
      <Filter>Source Files</Filter>
    </ClCompile>
    <ClCompile Include="src\database\game_database.cpp">
      <Filter>Source Files\Database</Filter>
    </ClCompile>
    <ClCompile Include="src\collection\collection_manager.cpp">
      <Filter>Source Files</Filter>
    </ClCompile>
      <ClCompile Include="src\import\import_manager.cpp" />
  <ClCompile Include="ui_font.cpp">
      <Filter>Source Files</Filter>
    </ClCompile>
  </ItemGroup>
  <ItemGroup>
    <ClInclude Include="rom_browser.h">
      <Filter>Header Files</Filter>
    </ClInclude>
    <ClInclude Include="launcher.h">
      <Filter>Header Files</Filter>
    </ClInclude>
    <ClInclude Include="input_sdl.h">
      <Filter>Header Files</Filter>
    </ClInclude>
    <ClInclude Include="keyboard_sdl.h">
      <Filter>Header Files</Filter>
    </ClInclude>
    <ClInclude Include="input_manager.h">
      <Filter>Header Files</Filter>
    </ClInclude>
    <ClInclude Include="o2em_keymap.h">
      <Filter>Header Files</Filter>
    </ClInclude>
    <ClInclude Include="o2em_keyboard_bridge.h">
      <Filter>Header Files</Filter>
    </ClInclude>
    <ClInclude Include="timing_sdl.h">
      <Filter>Header Files</Filter>
    </ClInclude>
    <ClInclude Include="o2em_keys.h">
      <Filter>Header Files</Filter>
    </ClInclude>
    <ClInclude Include="timefunc_sdl.h">
      <Filter>Header Files</Filter>
    </ClInclude>
    <ClInclude Include="emulator_core.h">
      <Filter>Header Files</Filter>
    </ClInclude>
    <ClInclude Include="..\o2em\vdc.h">
      <Filter>Header Files</Filter>
    </ClInclude>
    <ClInclude Include="vdc_stub.h">
      <Filter>Header Files</Filter>
    </ClInclude>
    <ClInclude Include="videopac_font.h">
      <Filter>Header Files</Filter>
    </ClInclude>
    <ClInclude Include="cset.h">
      <Filter>Header Files</Filter>
    </ClInclude>
    <ClInclude Include="audio.h">
      <Filter>Header Files</Filter>
    </ClInclude>
    <ClInclude Include="settings.h">
      <Filter>Header Files</Filter>
    </ClInclude>
    <ClInclude Include="cpu.h">
      <Filter>Header Files</Filter>
    </ClInclude>
    <ClInclude Include="vmachine.h">
      <Filter>Header Files</Filter>
    </ClInclude>
    <ClInclude Include="crc32.h">
      <Filter>Header Files</Filter>
    </ClInclude>
    <ClInclude Include="types.h">
      <Filter>Header Files</Filter>
    </ClInclude>
    <ClInclude Include="frontend_layout.h">
      <Filter>Header Files</Filter>
    </ClInclude>
    <ClInclude Include="frontend_tabs.h">
      <Filter>Header Files</Filter>
    </ClInclude>
    <ClInclude Include="frontend_panels.h">
      <Filter>Header Files</Filter>
    </ClInclude>
    <ClInclude Include="theme_win95.h">
      <Filter>Header Files</Filter>
    </ClInclude>
    <ClInclude Include="frontend_statusbar.h">
      <Filter>Header Files</Filter>
    </ClInclude>
    <ClInclude Include="frontend_boxart.h">
      <Filter>Header Files</Filter>
    </ClInclude>
    <ClInclude Include="src\frontend\frontend_screenshot.h">
      <Filter>Header Files</Filter>
    </ClInclude>
    <ClInclude Include="src\media\manual_preview.h">
      <Filter>Header Files</Filter>
    </ClInclude>
    <ClInclude Include="src\media\media_resolver.h">
      <Filter>Header Files</Filter>
    </ClInclude>
    <ClInclude Include="src\media\asset_manager.h">
      <Filter>Header Files</Filter>
    </ClInclude>
    <ClInclude Include="src\database\rom_classifier.h">
      <Filter>Header Files</Filter>
    </ClInclude>
    <ClInclude Include="src\database\library_view.h">
      <Filter>Header Files</Filter>
    </ClInclude>
    <ClInclude Include="src\library\game_info.h">
      <Filter>Header Files</Filter>
    </ClInclude>
    <ClInclude Include="src\library\game_library.h">
      <Filter>Header Files</Filter>
    </ClInclude>
    <ClInclude Include="src\frontend\frontend_app.h">
      <Filter>Header Files</Filter>
    </ClInclude>
    <ClInclude Include="src\frontend\metadata_text_editor.h">
      <Filter>Header Files</Filter>
    </ClInclude>
    <ClInclude Include="src\metadata\metadata_engine.h">
      <Filter>Header Files</Filter>
    </ClInclude>
    <ClInclude Include="src\database\game_database.h">
      <Filter>Header Files\Database</Filter>
    </ClInclude>
    <ClInclude Include="src\collection\collection_manager.h">
      <Filter>Header Files</Filter>
    </ClInclude>
      <ClInclude Include="src\import\import_manager.h" />
  <ClInclude Include="ui_font.h">
      <Filter>Header Files</Filter>
    </ClInclude>
  </ItemGroup>
  <ItemGroup>
    <None Include="tools\get_pdfium.ps1">
      <Filter>Tools</Filter>
    </None>
    <None Include="third_party\pdfium\README.txt">
      <Filter>Third Party</Filter>
    </None>
  </ItemGroup>
  <ItemGroup>
    <None Include="assets\O2EM-NG_Header.png">
      <Filter>Assets</Filter>
    </None>
  </ItemGroup>
</Project>