<?xml version="1.0" encoding="utf-8"?>
<Project ToolsVersion="4.0" xmlns="http://schemas.microsoft.com/developer/msbuild/2003">
  <ItemGroup>
    <Filter Include="Source Files">
      <UniqueIdentifier>{4FC737F1-C7A5-4376-A066-2A32D752A2FF}</UniqueIdentifier>
      <Extensions>cpp;c;cc;cxx;c++;cppm;ixx;def;odl;idl;hpj;bat;asm;asmx</Extensions>
    </Filter>
    <Filter Include="Header Files">
      <UniqueIdentifier>{93995380-89BD-4b04-88EB-625FBE52EBFB}</UniqueIdentifier>
      <Extensions>h;hh;hpp;hxx;h++;hm;inl;inc;ipp;xsd</Extensions>
    </Filter>
    <Filter Include="Resource Files">
      <UniqueIdentifier>{67DA6AB6-F800-4c08-8B7A-83BB121AAD01}</UniqueIdentifier>
      <Extensions>rc;ico;cur;bmp;dlg;rc2;rct;bin;rgs;gif;jpg;jpeg;jpe;resx;tiff;tif;png;wav;mfcribbon-ms</Extensions>
    </Filter>
  </ItemGroup>
  <ItemGroup>
    <ClCompile Include="rom_browser.cpp">
      <Filter>Source Files</Filter>
    </ClCompile>
    <ClCompile Include="launcher.cpp">
      <Filter>Source Files</Filter>
    </ClCompile>
    <ClCompile Include="input_sdl.cpp">
      <Filter>Source Files</Filter>
    </ClCompile>
    <ClCompile Include="keyboard_sdl.cpp">
      <Filter>Source Files</Filter>
    </ClCompile>
    <ClCompile Include="input_manager.cpp">
      <Filter>Source Files</Filter>
    </ClCompile>
    <ClCompile Include="o2em_keymap.cpp">
      <Filter>Source Files</Filter>
    </ClCompile>
    <ClCompile Include="o2em_keyboard_bridge.cpp">
      <Filter>Source Files</Filter>
    </ClCompile>
    <ClCompile Include="timing_sdl.cpp">
      <Filter>Source Files</Filter>
    </ClCompile>
    <ClCompile Include="timefunc_sdl.cpp">
      <Filter>Source Files</Filter>
    </ClCompile>
    <ClCompile Include="vpp_stub.cpp">
      <Filter>Source Files</Filter>
    </ClCompile>
    <ClCompile Include="voice_stub.cpp">
      <Filter>Source Files</Filter>
    </ClCompile>
    <ClCompile Include="debug_stub.cpp">
      <Filter>Source Files</Filter>
    </ClCompile>
    <ClCompile Include="vdc_stub.cpp">
      <Filter>Source Files</Filter>
    </ClCompile>
    <ClCompile Include="port_stub.cpp">
      <Filter>Source Files</Filter>
    </ClCompile>
    <ClCompile Include="main.cpp">
      <Filter>Source Files</Filter>
    </ClCompile>
    <ClCompile Include="emulator_core.cpp">
      <Filter>Source Files</Filter>
    </ClCompile>
    <ClCompile Include="cset.cpp">
      <Filter>Source Files</Filter>
    </ClCompile>
    <ClCompile Include="videopac_font.cpp">
      <Filter>Source Files</Filter>
    </ClCompile>
    <ClCompile Include="audio_sdl.cpp">
      <Filter>Source Files</Filter>
    </ClCompile>
    <ClCompile Include="settings.cpp">
      <Filter>Source Files</Filter>
    </ClCompile>
    <ClCompile Include="cpu.cpp">
      <Filter>Source Files</Filter>
    </ClCompile>
    <ClCompile Include="vmachine.cpp">
      <Filter>Source Files</Filter>
    </ClCompile>
    <ClCompile Include="crc32.cpp">
      <Filter>Source Files</Filter>
    </ClCompile>
  </ItemGroup>
  <ItemGroup>
    <ClInclude Include="rom_browser.h">
      <Filter>Header Files</Filter>
    </ClInclude>
    <ClInclude Include="launcher.h">
      <Filter>Header Files</Filter>
    </ClInclude>
    <ClInclude Include="input_sdl.h">
      <Filter>Header Files</Filter>
    </ClInclude>
    <ClInclude Include="keyboard_sdl.h">
      <Filter>Header Files</Filter>
    </ClInclude>
    <ClInclude Include="input_manager.h">
      <Filter>Header Files</Filter>
    </ClInclude>
    <ClInclude Include="o2em_keymap.h">
      <Filter>Header Files</Filter>
    </ClInclude>
    <ClInclude Include="o2em_keyboard_bridge.h">
      <Filter>Header Files</Filter>
    </ClInclude>
    <ClInclude Include="timing_sdl.h">
      <Filter>Header Files</Filter>
    </ClInclude>
    <ClInclude Include="o2em_keys.h">
      <Filter>Header Files</Filter>
    </ClInclude>
    <ClInclude Include="timefunc_sdl.h">
      <Filter>Header Files</Filter>
    </ClInclude>
    <ClInclude Include="emulator_core.h">
      <Filter>Header Files</Filter>
    </ClInclude>
    <ClInclude Include="..\o2em\vdc.h">
      <Filter>Header Files</Filter>
    </ClInclude>
    <ClInclude Include="vdc_stub.h">
      <Filter>Header Files</Filter>
    </ClInclude>
    <ClInclude Include="videopac_font.h">
      <Filter>Header Files</Filter>
    </ClInclude>
    <ClInclude Include="cset.h">
      <Filter>Header Files</Filter>
    </ClInclude>
    <ClInclude Include="audio.h">
      <Filter>Header Files</Filter>
    </ClInclude>
    <ClInclude Include="settings.h">
      <Filter>Header Files</Filter>
    </ClInclude>
    <ClInclude Include="cpu.h">
      <Filter>Header Files</Filter>
    </ClInclude>
    <ClInclude Include="vmachine.h">
      <Filter>Header Files</Filter>
    </ClInclude>
    <ClInclude Include="crc32.h">
      <Filter>Header Files</Filter>
    </ClInclude>
    <ClInclude Include="types.h">
      <Filter>Header Files</Filter>
    </ClInclude>
  </ItemGroup>
</Project>